# This file is autogenerated, do not edit; changes may be undone by the next 'dep ensure'.


[[projects]]
  name = "github.com/TeamMomentum/bs-url-normalizer"
  packages = ["lib/urls"]
  revision = "a2e8a9421cd0544bd317a6b43d5fcbaadb49d0ff"
  version = "v1.2.3"

[[projects]]
  name = "github.com/aerospike/aerospike-client-go"
  packages = [
    ".",
    "internal/lua",
    "internal/lua/resources",
    "logger",
    "pkg/bcrypt",
    "pkg/ripemd160",
    "types",
    "types/atomic",
    "types/particle_type",
    "types/rand",
    "utils/buffer"
  ]
  revision = "9701404f4c60a6ea256595d24bf318f721a7e8b8"
  version = "v1.32.0"

[[projects]]
  branch = "master"
  name = "github.com/google/subcommands"
  packages = ["."]
  revision = "a3682377147edf596d303faabd89f81977b3f678"

[[projects]]
  branch = "master"
  name = "github.com/yuin/gopher-lua"
  packages = [
    ".",
    "ast",
    "parse",
    "pm"
  ]
  revision = "b0fa786cf4ea360285924c4a7fd42325be57aec8"

[solve-meta]
  analyzer-name = "dep"
  analyzer-version = 1
  inputs-digest = "07f267987c00587239403592dbe903a0509493327afd0b4189a7db02ddbbcf16"
  solver-name = "gps-cdcl"
  solver-version = 1
